// !$*UTF8*$!
{
	archiveVersion = 1;
	classes = {
	};
	objectVersion = 77;
	objects = {

/* Begin PBXBuildFile section */
		045EDA41FB51D2844DC08D1A /* TrialsView.swift in Sources */ = {isa = PBXBuildFile; fileRef = AD0B65202EB8EA9A494887F2 /* TrialsView.swift */; };
		1746DB7849942997E5152ED3 /* CatalogService.swift in Sources */ = {isa = PBXBuildFile; fileRef = A7BFCBC5C29B96E10D95BCB6 /* CatalogService.swift */; };
		29D4F42065EFD2EAFE254363 /* TrialParsingCore in Frameworks */ = {isa = PBXBuildFile; productRef = 329F2AA144A016AD33BEF1C2 /* TrialParsingCore */; };
		2FED5C50C8EDF13BCBB8ABBD /* HomeView.swift in Sources */ = {isa = PBXBuildFile; fileRef = DFBFE61AA76709574974590C /* HomeView.swift */; };
		330B7A7FF4E34B7DCC45C95A /* ShareHandoffStore.swift in Sources */ = {isa = PBXBuildFile; fileRef = D9FEF7E79799095DAB1B1E57 /* ShareHandoffStore.swift */; };
		3FEB777E36991FB45D93DEF8 /* CancelGuide.swift in Sources */ = {isa = PBXBuildFile; fileRef = 593956BF6AF91A002A624EDA /* CancelGuide.swift */; };
		4847E56243A919BA33F95368 /* NotificationEngine in Frameworks */ = {isa = PBXBuildFile; productRef = F682B7F3898CBF29726418B8 /* NotificationEngine */; };
		4973C98CC9CE76FDD2AE1813 /* ImportConfirmationSheet.swift in Sources */ = {isa = PBXBuildFile; fileRef = 213D3E61E4A6032401C52DA4 /* ImportConfirmationSheet.swift */; };
		4B4EA6964D873C8F56D99E4F /* TrialEngine in Frameworks */ = {isa = PBXBuildFile; productRef = 8997EAEBC73EFB0F1D6454DC /* TrialEngine */; };
		501CD877BDACC43CF1392A63 /* ImportableSubscription.swift in Sources */ = {isa = PBXBuildFile; fileRef = F6158FA888F6032AC8DA9627 /* ImportableSubscription.swift */; };
		5A887EDDABD1247B8654AD12 /* OnboardingView.swift in Sources */ = {isa = PBXBuildFile; fileRef = A86DFC27A12C66C76D362C77 /* OnboardingView.swift */; };
		5EE2C82DC54F0B0F101AEA2D /* AddEntryRouterSheet.swift in Sources */ = {isa = PBXBuildFile; fileRef = 9E9F95756E07996C18E91EE9 /* AddEntryRouterSheet.swift */; };
		60B52B8B1C09C2849B5AC5B7 /* PrimaryAddButton.swift in Sources */ = {isa = PBXBuildFile; fileRef = 45EDB5D4DEB5407C48EDB260 /* PrimaryAddButton.swift */; };
		6FA9AC3264A878361C4CD3FB /* ShareViewController.swift in Sources */ = {isa = PBXBuildFile; fileRef = F1F85D4393B43D5522374392 /* ShareViewController.swift */; };
		707A9711265BAE9109B03DE2 /* AmountField.swift in Sources */ = {isa = PBXBuildFile; fileRef = 98707649B82025A07A5C162A /* AmountField.swift */; };
		709BA1CA6182903F6DE204C0 /* AddSubscriptionSheet.swift in Sources */ = {isa = PBXBuildFile; fileRef = 1C32CE5F1E9E2C7C5D21B848 /* AddSubscriptionSheet.swift */; };
		7535F1AE5A2644E5B49D1230 /* StoreKitImport.swift in Sources */ = {isa = PBXBuildFile; fileRef = B3F5BFB696DE75D6C5997558 /* StoreKitImport.swift */; };
		76A3E9669897B476B881DC53 /* OCRCore in Frameworks */ = {isa = PBXBuildFile; productRef = 5D17128858EC52E545731C50 /* OCRCore */; };
		79BF6A0E4F36913A5B1448A9 /* MascotKit in Frameworks */ = {isa = PBXBuildFile; productRef = C18AE5CA341AB81122E72C00 /* MascotKit */; };
		808FA732CA64FAFE16C5BF4E /* DatePickerField.swift in Sources */ = {isa = PBXBuildFile; fileRef = F0BA0D861C198D0F2CB3919E /* DatePickerField.swift */; };
		83DF47C9AD797CD7021A62B4 /* TrialAlertCoordinator.swift in Sources */ = {isa = PBXBuildFile; fileRef = A09454B012C1F418EB57E682 /* TrialAlertCoordinator.swift */; };
		85EA3C807D67DD2AA83EDF89 /* ShareHandoffStore.swift in Sources */ = {isa = PBXBuildFile; fileRef = D9FEF7E79799095DAB1B1E57 /* ShareHandoffStore.swift */; };
		861996D3B241CF4DAA721FAC /* AutoImportService.swift in Sources */ = {isa = PBXBuildFile; fileRef = D088F64853E90E1E78762FC6 /* AutoImportService.swift */; };
		8D3F4DB4E523234EE8069BD1 /* OCRCore in Frameworks */ = {isa = PBXBuildFile; productRef = A594DDBD3975A255169465BE /* OCRCore */; };
		8E71AEC875E4365E8A8B801B /* ServicesCatalog.json in Resources */ = {isa = PBXBuildFile; fileRef = 9391A3B3B3BD9EA74066A2BD /* ServicesCatalog.json */; };
		95E35657BCDA6CB6C2AD5ADA /* ContentView.swift in Sources */ = {isa = PBXBuildFile; fileRef = 027484EC432189953FC26F42 /* ContentView.swift */; };
		98395111145BE12A60A5600B /* CancelAssistSheet.swift in Sources */ = {isa = PBXBuildFile; fileRef = 8C699DB96D4807D31942DFCD /* CancelAssistSheet.swift */; };
		9A849C31715731C954B69221 /* NotificationDelegate.swift in Sources */ = {isa = PBXBuildFile; fileRef = CF6298ECB62F5B805D9B2E8F /* NotificationDelegate.swift */; };
		9E6CC915EDC81EC1C11A5715 /* CancelGuides.json in Resources */ = {isa = PBXBuildFile; fileRef = 4F7B8CC2B82D578FAEAEA473 /* CancelGuides.json */; };
		A37BFBFE9C6F915FCA1BF44D /* GlassComponents.swift in Sources */ = {isa = PBXBuildFile; fileRef = 7B0471CAA50CC90F5E9F2867 /* GlassComponents.swift */; };
		A5CA4FCE0E6EB97AF5B077E3 /* SharedCaptureImporter.swift in Sources */ = {isa = PBXBuildFile; fileRef = FC2FCDBA2DDE38AAF5A57930 /* SharedCaptureImporter.swift */; };
		B1165C9D5260D1E3984FC8BE /* Sheets.swift in Sources */ = {isa = PBXBuildFile; fileRef = A71B29197523B2411ED92DFF /* Sheets.swift */; };
		B555A2C59955A1D222AB57A4 /* FinnShareExtension.appex in Embed Foundation Extensions */ = {isa = PBXBuildFile; fileRef = 6F947542A728AC0D4520446D /* FinnShareExtension.appex */; settings = {ATTRIBUTES = (RemoveHeadersOnCopy, ); }; };
		BAA612EB5F52805874BC7B36 /* SubscriptionStore in Frameworks */ = {isa = PBXBuildFile; productRef = DA29BAB2E1AC05244FAD60EA /* SubscriptionStore */; };
		BF782CE4A83D6C1F0DAED555 /* FinnApp.swift in Sources */ = {isa = PBXBuildFile; fileRef = 67008956A928B11951321C94 /* FinnApp.swift */; };
		CC4E3FD0124403E98E3D39A5 /* LogoService in Frameworks */ = {isa = PBXBuildFile; productRef = 4125BA4396A89B774859EEE5 /* LogoService */; };
		DD5ED156EE6174CB4A6DFB26 /* CancelGuideStore.swift in Sources */ = {isa = PBXBuildFile; fileRef = 5A90B1E20032E075D06B2B6D /* CancelGuideStore.swift */; };
		E23E8ABC4E06EC8ACC358823 /* PhosphorSwift in Frameworks */ = {isa = PBXBuildFile; productRef = 02113626A5476AD311064925 /* PhosphorSwift */; };
		E35F2797AA354B66ABB161EA /* SettingsView.swift in Sources */ = {isa = PBXBuildFile; fileRef = F4AFB065AD30591B787381C8 /* SettingsView.swift */; };
		E5EC0238B255D9EFEE77141C /* ServiceNameField.swift in Sources */ = {isa = PBXBuildFile; fileRef = EFBEEE478E025691DC4ADD3A /* ServiceNameField.swift */; };
		ED04A9479DF337DFA94848EE /* SubscriptionsView.swift in Sources */ = {isa = PBXBuildFile; fileRef = 81A2478D24732D0902A6D1E3 /* SubscriptionsView.swift */; };
		F29D1FA82D405E2691DBCE21 /* Assets.xcassets in Resources */ = {isa = PBXBuildFile; fileRef = F96CF1E129F90BA713CC3815 /* Assets.xcassets */; };
		F7BAE8374BB434164FFB963D /* Haptics.swift in Sources */ = {isa = PBXBuildFile; fileRef = 079C41A919161719BE466E3C /* Haptics.swift */; };
		FF5A8C3FF3D0826CA62510EB /* FieldRow.swift in Sources */ = {isa = PBXBuildFile; fileRef = 535116344F4E0B7449C9B353 /* FieldRow.swift */; };
/* End PBXBuildFile section */

/* Begin PBXContainerItemProxy section */
		37FC00847F5DB1C1F823DF83 /* PBXContainerItemProxy */ = {
			isa = PBXContainerItemProxy;
			containerPortal = C31C23BD58A7ED4DF259FD25 /* Project object */;
			proxyType = 1;
			remoteGlobalIDString = 0EBFECEBD531611A8320F7C1;
			remoteInfo = FinnShareExtension;
		};
/* End PBXContainerItemProxy section */

/* Begin PBXCopyFilesBuildPhase section */
		9936C98D00863082995E202B /* Embed Foundation Extensions */ = {
			isa = PBXCopyFilesBuildPhase;
			buildActionMask = 2147483647;
			dstPath = "";
			dstSubfolderSpec = 13;
			files = (
				B555A2C59955A1D222AB57A4 /* FinnShareExtension.appex in Embed Foundation Extensions */,
			);
			name = "Embed Foundation Extensions";
			runOnlyForDeploymentPostprocessing = 0;
		};
/* End PBXCopyFilesBuildPhase section */

/* Begin PBXFileReference section */
		027484EC432189953FC26F42 /* ContentView.swift */ = {isa = PBXFileReference; lastKnownFileType = sourcecode.swift; path = ContentView.swift; sourceTree = "<group>"; };
		079C41A919161719BE466E3C /* Haptics.swift */ = {isa = PBXFileReference; lastKnownFileType = sourcecode.swift; path = Haptics.swift; sourceTree = "<group>"; };
		1C32CE5F1E9E2C7C5D21B848 /* AddSubscriptionSheet.swift */ = {isa = PBXFileReference; lastKnownFileType = sourcecode.swift; path = AddSubscriptionSheet.swift; sourceTree = "<group>"; };
		213D3E61E4A6032401C52DA4 /* ImportConfirmationSheet.swift */ = {isa = PBXFileReference; lastKnownFileType = sourcecode.swift; path = ImportConfirmationSheet.swift; sourceTree = "<group>"; };
		45EDB5D4DEB5407C48EDB260 /* PrimaryAddButton.swift */ = {isa = PBXFileReference; lastKnownFileType = sourcecode.swift; path = PrimaryAddButton.swift; sourceTree = "<group>"; };
		4F7B8CC2B82D578FAEAEA473 /* CancelGuides.json */ = {isa = PBXFileReference; lastKnownFileType = text.json; path = CancelGuides.json; sourceTree = "<group>"; };
		535116344F4E0B7449C9B353 /* FieldRow.swift */ = {isa = PBXFileReference; lastKnownFileType = sourcecode.swift; path = FieldRow.swift; sourceTree = "<group>"; };
		593956BF6AF91A002A624EDA /* CancelGuide.swift */ = {isa = PBXFileReference; lastKnownFileType = sourcecode.swift; path = CancelGuide.swift; sourceTree = "<group>"; };
		5A90B1E20032E075D06B2B6D /* CancelGuideStore.swift */ = {isa = PBXFileReference; lastKnownFileType = sourcecode.swift; path = CancelGuideStore.swift; sourceTree = "<group>"; };
		67008956A928B11951321C94 /* FinnApp.swift */ = {isa = PBXFileReference; lastKnownFileType = sourcecode.swift; path = FinnApp.swift; sourceTree = "<group>"; };
		6F947542A728AC0D4520446D /* FinnShareExtension.appex */ = {isa = PBXFileReference; includeInIndex = 0; lastKnownFileType = "wrapper.app-extension"; path = FinnShareExtension.appex; sourceTree = BUILT_PRODUCTS_DIR; };
		7B0471CAA50CC90F5E9F2867 /* GlassComponents.swift */ = {isa = PBXFileReference; lastKnownFileType = sourcecode.swift; path = GlassComponents.swift; sourceTree = "<group>"; };
		819F53991CA40A8A9D096FAD /* MascotKit */ = {isa = PBXFileReference; lastKnownFileType = folder; name = MascotKit; path = Packages/MascotKit; sourceTree = SOURCE_ROOT; };
		81A2478D24732D0902A6D1E3 /* SubscriptionsView.swift */ = {isa = PBXFileReference; lastKnownFileType = sourcecode.swift; path = SubscriptionsView.swift; sourceTree = "<group>"; };
		845A1AFB35613B0BBCA5AA27 /* LogoService */ = {isa = PBXFileReference; lastKnownFileType = folder; name = LogoService; path = Packages/LogoService; sourceTree = SOURCE_ROOT; };
		87BE2EC5C43AAC2D96997E60 /* Info.plist */ = {isa = PBXFileReference; lastKnownFileType = text.plist; path = Info.plist; sourceTree = "<group>"; };
		88724751DD683D8021D2B1A5 /* SubscriptionStore */ = {isa = PBXFileReference; lastKnownFileType = folder; name = SubscriptionStore; path = Packages/SubscriptionStore; sourceTree = SOURCE_ROOT; };
		8C699DB96D4807D31942DFCD /* CancelAssistSheet.swift */ = {isa = PBXFileReference; lastKnownFileType = sourcecode.swift; path = CancelAssistSheet.swift; sourceTree = "<group>"; };
		9391A3B3B3BD9EA74066A2BD /* ServicesCatalog.json */ = {isa = PBXFileReference; lastKnownFileType = text.json; path = ServicesCatalog.json; sourceTree = "<group>"; };
		98707649B82025A07A5C162A /* AmountField.swift */ = {isa = PBXFileReference; lastKnownFileType = sourcecode.swift; path = AmountField.swift; sourceTree = "<group>"; };
		9E9F95756E07996C18E91EE9 /* AddEntryRouterSheet.swift */ = {isa = PBXFileReference; lastKnownFileType = sourcecode.swift; path = AddEntryRouterSheet.swift; sourceTree = "<group>"; };
		9FE94B610E338AB880A29C27 /* OCRCore */ = {isa = PBXFileReference; lastKnownFileType = folder; name = OCRCore; path = Packages/OCRCore; sourceTree = SOURCE_ROOT; };
		A09454B012C1F418EB57E682 /* TrialAlertCoordinator.swift */ = {isa = PBXFileReference; lastKnownFileType = sourcecode.swift; path = TrialAlertCoordinator.swift; sourceTree = "<group>"; };
		A69E98AB58EC0383153FCA9A /* Finn.entitlements */ = {isa = PBXFileReference; lastKnownFileType = text.plist.entitlements; path = Finn.entitlements; sourceTree = "<group>"; };
		A71B29197523B2411ED92DFF /* Sheets.swift */ = {isa = PBXFileReference; lastKnownFileType = sourcecode.swift; path = Sheets.swift; sourceTree = "<group>"; };
		A7BFCBC5C29B96E10D95BCB6 /* CatalogService.swift */ = {isa = PBXFileReference; lastKnownFileType = sourcecode.swift; path = CatalogService.swift; sourceTree = "<group>"; };
		A86DFC27A12C66C76D362C77 /* OnboardingView.swift */ = {isa = PBXFileReference; lastKnownFileType = sourcecode.swift; path = OnboardingView.swift; sourceTree = "<group>"; };
		AD0B65202EB8EA9A494887F2 /* TrialsView.swift */ = {isa = PBXFileReference; lastKnownFileType = sourcecode.swift; path = TrialsView.swift; sourceTree = "<group>"; };
		B09784D87A4AD7A0247FCE32 /* FinnShareExtension.entitlements */ = {isa = PBXFileReference; lastKnownFileType = text.plist.entitlements; path = FinnShareExtension.entitlements; sourceTree = "<group>"; };
		B1042D755D5117EE14B9CA3D /* Subly.app */ = {isa = PBXFileReference; includeInIndex = 0; lastKnownFileType = wrapper.application; path = Subly.app; sourceTree = BUILT_PRODUCTS_DIR; };
		B3F5BFB696DE75D6C5997558 /* StoreKitImport.swift */ = {isa = PBXFileReference; lastKnownFileType = sourcecode.swift; path = StoreKitImport.swift; sourceTree = "<group>"; };
		CF6298ECB62F5B805D9B2E8F /* NotificationDelegate.swift */ = {isa = PBXFileReference; lastKnownFileType = sourcecode.swift; path = NotificationDelegate.swift; sourceTree = "<group>"; };
		D088F64853E90E1E78762FC6 /* AutoImportService.swift */ = {isa = PBXFileReference; lastKnownFileType = sourcecode.swift; path = AutoImportService.swift; sourceTree = "<group>"; };
		D5E254EFE7F2F548B2C95E00 /* TrialParsingCore */ = {isa = PBXFileReference; lastKnownFileType = folder; name = TrialParsingCore; path = Packages/TrialParsingCore; sourceTree = SOURCE_ROOT; };
		D9FEF7E79799095DAB1B1E57 /* ShareHandoffStore.swift */ = {isa = PBXFileReference; lastKnownFileType = sourcecode.swift; path = ShareHandoffStore.swift; sourceTree = "<group>"; };
		DA03261113A8E39806E4B645 /* Info.plist */ = {isa = PBXFileReference; lastKnownFileType = text.plist; path = Info.plist; sourceTree = "<group>"; };
		DFBFE61AA76709574974590C /* HomeView.swift */ = {isa = PBXFileReference; lastKnownFileType = sourcecode.swift; path = HomeView.swift; sourceTree = "<group>"; };
		EFBEEE478E025691DC4ADD3A /* ServiceNameField.swift */ = {isa = PBXFileReference; lastKnownFileType = sourcecode.swift; path = ServiceNameField.swift; sourceTree = "<group>"; };
		F0BA0D861C198D0F2CB3919E /* DatePickerField.swift */ = {isa = PBXFileReference; lastKnownFileType = sourcecode.swift; path = DatePickerField.swift; sourceTree = "<group>"; };
		F1F85D4393B43D5522374392 /* ShareViewController.swift */ = {isa = PBXFileReference; lastKnownFileType = sourcecode.swift; path = ShareViewController.swift; sourceTree = "<group>"; };
		F4190BCC05AEE42E895FA79F /* TrialEngine */ = {isa = PBXFileReference; lastKnownFileType = folder; name = TrialEngine; path = Packages/TrialEngine; sourceTree = SOURCE_ROOT; };
		F4AFB065AD30591B787381C8 /* SettingsView.swift */ = {isa = PBXFileReference; lastKnownFileType = sourcecode.swift; path = SettingsView.swift; sourceTree = "<group>"; };
		F6158FA888F6032AC8DA9627 /* ImportableSubscription.swift */ = {isa = PBXFileReference; lastKnownFileType = sourcecode.swift; path = ImportableSubscription.swift; sourceTree = "<group>"; };
		F96CF1E129F90BA713CC3815 /* Assets.xcassets */ = {isa = PBXFileReference; lastKnownFileType = folder.assetcatalog; path = Assets.xcassets; sourceTree = "<group>"; };
		FA91B5213420B1387EF10798 /* NotificationEngine */ = {isa = PBXFileReference; lastKnownFileType = folder; name = NotificationEngine; path = Packages/NotificationEngine; sourceTree = SOURCE_ROOT; };
		FC2FCDBA2DDE38AAF5A57930 /* SharedCaptureImporter.swift */ = {isa = PBXFileReference; lastKnownFileType = sourcecode.swift; path = SharedCaptureImporter.swift; sourceTree = "<group>"; };
/* End PBXFileReference section */

/* Begin PBXFrameworksBuildPhase section */
		464415FD94F4EEB39AAF2C8F /* Frameworks */ = {
			isa = PBXFrameworksBuildPhase;
			buildActionMask = 2147483647;
			files = (
				8D3F4DB4E523234EE8069BD1 /* OCRCore in Frameworks */,
			);
			runOnlyForDeploymentPostprocessing = 0;
		};
		AEA0C8DF559BCF9F6E0E14D3 /* Frameworks */ = {
			isa = PBXFrameworksBuildPhase;
			buildActionMask = 2147483647;
			files = (
				76A3E9669897B476B881DC53 /* OCRCore in Frameworks */,
				29D4F42065EFD2EAFE254363 /* TrialParsingCore in Frameworks */,
				BAA612EB5F52805874BC7B36 /* SubscriptionStore in Frameworks */,
				4B4EA6964D873C8F56D99E4F /* TrialEngine in Frameworks */,
				4847E56243A919BA33F95368 /* NotificationEngine in Frameworks */,
				CC4E3FD0124403E98E3D39A5 /* LogoService in Frameworks */,
				79BF6A0E4F36913A5B1448A9 /* MascotKit in Frameworks */,
				E23E8ABC4E06EC8ACC358823 /* PhosphorSwift in Frameworks */,
			);
			runOnlyForDeploymentPostprocessing = 0;
		};
/* End PBXFrameworksBuildPhase section */

/* Begin PBXGroup section */
		060F82FEF3801709B5834B8D /* Resources */ = {
			isa = PBXGroup;
			children = (
				4F7B8CC2B82D578FAEAEA473 /* CancelGuides.json */,
				9391A3B3B3BD9EA74066A2BD /* ServicesCatalog.json */,
			);
			path = Resources;
			sourceTree = "<group>";
		};
		3351172A835FDCE22175C01E /* Components */ = {
			isa = PBXGroup;
			children = (
				98707649B82025A07A5C162A /* AmountField.swift */,
				F0BA0D861C198D0F2CB3919E /* DatePickerField.swift */,
				535116344F4E0B7449C9B353 /* FieldRow.swift */,
				EFBEEE478E025691DC4ADD3A /* ServiceNameField.swift */,
			);
			path = Components;
			sourceTree = "<group>";
		};
		4C0B164B7A75DD4A9A40C1B6 /* Products */ = {
			isa = PBXGroup;
			children = (
				6F947542A728AC0D4520446D /* FinnShareExtension.appex */,
				B1042D755D5117EE14B9CA3D /* Subly.app */,
			);
			name = Products;
			sourceTree = "<group>";
		};
		6AF877477C085F789E325AAD /* AddEntry */ = {
			isa = PBXGroup;
			children = (
				9E9F95756E07996C18E91EE9 /* AddEntryRouterSheet.swift */,
				1C32CE5F1E9E2C7C5D21B848 /* AddSubscriptionSheet.swift */,
				3351172A835FDCE22175C01E /* Components */,
			);
			path = AddEntry;
			sourceTree = "<group>";
		};
		6EF529537FF50EF39D9AAF55 /* Services */ = {
			isa = PBXGroup;
			children = (
				A7BFCBC5C29B96E10D95BCB6 /* CatalogService.swift */,
			);
			path = Services;
			sourceTree = "<group>";
		};
		6F81B8C06FB541552B3B11DF /* Shared */ = {
			isa = PBXGroup;
			children = (
				D9FEF7E79799095DAB1B1E57 /* ShareHandoffStore.swift */,
			);
			path = Shared;
			sourceTree = "<group>";
		};
		84129931BAAB99A2CC3285E8 = {
			isa = PBXGroup;
			children = (
				8A4B8B9CB066BF3D55C03F09 /* Finn */,
				B5734A41E0D149EE60763C79 /* Packages */,
				6F81B8C06FB541552B3B11DF /* Shared */,
				CBB1990A3C7A92EAAF90DF28 /* ShareExtension */,
				4C0B164B7A75DD4A9A40C1B6 /* Products */,
			);
			sourceTree = "<group>";
		};
		8A4B8B9CB066BF3D55C03F09 /* Finn */ = {
			isa = PBXGroup;
			children = (
				F96CF1E129F90BA713CC3815 /* Assets.xcassets */,
				027484EC432189953FC26F42 /* ContentView.swift */,
				A69E98AB58EC0383153FCA9A /* Finn.entitlements */,
				67008956A928B11951321C94 /* FinnApp.swift */,
				7B0471CAA50CC90F5E9F2867 /* GlassComponents.swift */,
				079C41A919161719BE466E3C /* Haptics.swift */,
				DFBFE61AA76709574974590C /* HomeView.swift */,
				DA03261113A8E39806E4B645 /* Info.plist */,
				CF6298ECB62F5B805D9B2E8F /* NotificationDelegate.swift */,
				A86DFC27A12C66C76D362C77 /* OnboardingView.swift */,
				45EDB5D4DEB5407C48EDB260 /* PrimaryAddButton.swift */,
				F4AFB065AD30591B787381C8 /* SettingsView.swift */,
				FC2FCDBA2DDE38AAF5A57930 /* SharedCaptureImporter.swift */,
				A71B29197523B2411ED92DFF /* Sheets.swift */,
				81A2478D24732D0902A6D1E3 /* SubscriptionsView.swift */,
				A09454B012C1F418EB57E682 /* TrialAlertCoordinator.swift */,
				AD0B65202EB8EA9A494887F2 /* TrialsView.swift */,
				6AF877477C085F789E325AAD /* AddEntry */,
				DDC45885926494FF82666AAA /* CancelAssist */,
				D616D78457FF94E6E4DD1E8B /* Import */,
				060F82FEF3801709B5834B8D /* Resources */,
				6EF529537FF50EF39D9AAF55 /* Services */,
			);
			path = Finn;
			sourceTree = "<group>";
		};
		B5734A41E0D149EE60763C79 /* Packages */ = {
			isa = PBXGroup;
			children = (
				845A1AFB35613B0BBCA5AA27 /* LogoService */,
				819F53991CA40A8A9D096FAD /* MascotKit */,
				FA91B5213420B1387EF10798 /* NotificationEngine */,
				9FE94B610E338AB880A29C27 /* OCRCore */,
				88724751DD683D8021D2B1A5 /* SubscriptionStore */,
				F4190BCC05AEE42E895FA79F /* TrialEngine */,
				D5E254EFE7F2F548B2C95E00 /* TrialParsingCore */,
			);
			path = Packages;
			sourceTree = "<group>";
		};
		CBB1990A3C7A92EAAF90DF28 /* ShareExtension */ = {
			isa = PBXGroup;
			children = (
				B09784D87A4AD7A0247FCE32 /* FinnShareExtension.entitlements */,
				87BE2EC5C43AAC2D96997E60 /* Info.plist */,
				F1F85D4393B43D5522374392 /* ShareViewController.swift */,
			);
			path = ShareExtension;
			sourceTree = "<group>";
		};
		D616D78457FF94E6E4DD1E8B /* Import */ = {
			isa = PBXGroup;
			children = (
				D088F64853E90E1E78762FC6 /* AutoImportService.swift */,
				F6158FA888F6032AC8DA9627 /* ImportableSubscription.swift */,
				213D3E61E4A6032401C52DA4 /* ImportConfirmationSheet.swift */,
				B3F5BFB696DE75D6C5997558 /* StoreKitImport.swift */,
			);
			path = Import;
			sourceTree = "<group>";
		};
		DDC45885926494FF82666AAA /* CancelAssist */ = {
			isa = PBXGroup;
			children = (
				8C699DB96D4807D31942DFCD /* CancelAssistSheet.swift */,
				593956BF6AF91A002A624EDA /* CancelGuide.swift */,
				5A90B1E20032E075D06B2B6D /* CancelGuideStore.swift */,
			);
			path = CancelAssist;
			sourceTree = "<group>";
		};
/* End PBXGroup section */

/* Begin PBXNativeTarget section */
		0E5F3A6E0CB4817D871DE8C2 /* Subly */ = {
			isa = PBXNativeTarget;
			buildConfigurationList = 1F8EA3BDC37EBFD5B2C3D069 /* Build configuration list for PBXNativeTarget "Subly" */;
			buildPhases = (
				F9D69CFB32D5B0CC49553AC0 /* Sources */,
				42167084FFF17860C12BF75D /* Resources */,
				AEA0C8DF559BCF9F6E0E14D3 /* Frameworks */,
				9936C98D00863082995E202B /* Embed Foundation Extensions */,
			);
			buildRules = (
			);
			dependencies = (
				EDEEA36B63461AB2978AC081 /* PBXTargetDependency */,
			);
			name = Subly;
			packageProductDependencies = (
				5D17128858EC52E545731C50 /* OCRCore */,
				329F2AA144A016AD33BEF1C2 /* TrialParsingCore */,
				DA29BAB2E1AC05244FAD60EA /* SubscriptionStore */,
				8997EAEBC73EFB0F1D6454DC /* TrialEngine */,
				F682B7F3898CBF29726418B8 /* NotificationEngine */,
				4125BA4396A89B774859EEE5 /* LogoService */,
				C18AE5CA341AB81122E72C00 /* MascotKit */,
				02113626A5476AD311064925 /* PhosphorSwift */,
			);
			productName = Subly;
			productReference = B1042D755D5117EE14B9CA3D /* Subly.app */;
			productType = "com.apple.product-type.application";
		};
		0EBFECEBD531611A8320F7C1 /* FinnShareExtension */ = {
			isa = PBXNativeTarget;
			buildConfigurationList = 0C4ECE149ABE7DA60782E32A /* Build configuration list for PBXNativeTarget "FinnShareExtension" */;
			buildPhases = (
				11F25AD40F808CC6CA38EF48 /* Sources */,
				464415FD94F4EEB39AAF2C8F /* Frameworks */,
			);
			buildRules = (
			);
			dependencies = (
			);
			name = FinnShareExtension;
			packageProductDependencies = (
				A594DDBD3975A255169465BE /* OCRCore */,
			);
			productName = FinnShareExtension;
			productReference = 6F947542A728AC0D4520446D /* FinnShareExtension.appex */;
			productType = "com.apple.product-type.app-extension";
		};
/* End PBXNativeTarget section */

/* Begin PBXProject section */
		C31C23BD58A7ED4DF259FD25 /* Project object */ = {
			isa = PBXProject;
			attributes = {
				BuildIndependentTargetsInParallel = YES;
				LastUpgradeCheck = 1430;
				TargetAttributes = {
				};
			};
			buildConfigurationList = 1D43EA570A8D48BC54C3FE63 /* Build configuration list for PBXProject "Subly" */;
			developmentRegion = en;
			hasScannedForEncodings = 0;
			knownRegions = (
				Base,
				en,
			);
			mainGroup = 84129931BAAB99A2CC3285E8;
			minimizedProjectReferenceProxies = 1;
			packageReferences = (
				2376623AEB404BFB277812C9 /* XCRemoteSwiftPackageReference "swift" */,
				39FDB8423CAC4BEDB8A104D9 /* XCLocalSwiftPackageReference "Packages/LogoService" */,
				0A8709237BBB901FD078126B /* XCLocalSwiftPackageReference "Packages/MascotKit" */,
				FF8D1D533A8BB1B52EAFD9A6 /* XCLocalSwiftPackageReference "Packages/NotificationEngine" */,
				F5B2D4C6D5933490F4AB150B /* XCLocalSwiftPackageReference "Packages/OCRCore" */,
				09CEC8CF485092179CE20A2D /* XCLocalSwiftPackageReference "Packages/SubscriptionStore" */,
				EC891433965CDE866B412AB6 /* XCLocalSwiftPackageReference "Packages/TrialEngine" */,
				CE34AD274B2B693A0C1D26EF /* XCLocalSwiftPackageReference "Packages/TrialParsingCore" */,
			);
			preferredProjectObjectVersion = 77;
			productRefGroup = 4C0B164B7A75DD4A9A40C1B6 /* Products */;
			projectDirPath = "";
			projectRoot = "";
			targets = (
				0EBFECEBD531611A8320F7C1 /* FinnShareExtension */,
				0E5F3A6E0CB4817D871DE8C2 /* Subly */,
			);
		};
/* End PBXProject section */

/* Begin PBXResourcesBuildPhase section */
		42167084FFF17860C12BF75D /* Resources */ = {
			isa = PBXResourcesBuildPhase;
			buildActionMask = 2147483647;
			files = (
				F29D1FA82D405E2691DBCE21 /* Assets.xcassets in Resources */,
				9E6CC915EDC81EC1C11A5715 /* CancelGuides.json in Resources */,
				8E71AEC875E4365E8A8B801B /* ServicesCatalog.json in Resources */,
			);
			runOnlyForDeploymentPostprocessing = 0;
		};
/* End PBXResourcesBuildPhase section */

/* Begin PBXSourcesBuildPhase section */
		11F25AD40F808CC6CA38EF48 /* Sources */ = {
			isa = PBXSourcesBuildPhase;
			buildActionMask = 2147483647;
			files = (
				330B7A7FF4E34B7DCC45C95A /* ShareHandoffStore.swift in Sources */,
				6FA9AC3264A878361C4CD3FB /* ShareViewController.swift in Sources */,
			);
			runOnlyForDeploymentPostprocessing = 0;
		};
		F9D69CFB32D5B0CC49553AC0 /* Sources */ = {
			isa = PBXSourcesBuildPhase;
			buildActionMask = 2147483647;
			files = (
				5EE2C82DC54F0B0F101AEA2D /* AddEntryRouterSheet.swift in Sources */,
				709BA1CA6182903F6DE204C0 /* AddSubscriptionSheet.swift in Sources */,
				707A9711265BAE9109B03DE2 /* AmountField.swift in Sources */,
				861996D3B241CF4DAA721FAC /* AutoImportService.swift in Sources */,
				98395111145BE12A60A5600B /* CancelAssistSheet.swift in Sources */,
				3FEB777E36991FB45D93DEF8 /* CancelGuide.swift in Sources */,
				DD5ED156EE6174CB4A6DFB26 /* CancelGuideStore.swift in Sources */,
				1746DB7849942997E5152ED3 /* CatalogService.swift in Sources */,
				95E35657BCDA6CB6C2AD5ADA /* ContentView.swift in Sources */,
				808FA732CA64FAFE16C5BF4E /* DatePickerField.swift in Sources */,
				FF5A8C3FF3D0826CA62510EB /* FieldRow.swift in Sources */,
				BF782CE4A83D6C1F0DAED555 /* FinnApp.swift in Sources */,
				A37BFBFE9C6F915FCA1BF44D /* GlassComponents.swift in Sources */,
				F7BAE8374BB434164FFB963D /* Haptics.swift in Sources */,
				2FED5C50C8EDF13BCBB8ABBD /* HomeView.swift in Sources */,
				4973C98CC9CE76FDD2AE1813 /* ImportConfirmationSheet.swift in Sources */,
				501CD877BDACC43CF1392A63 /* ImportableSubscription.swift in Sources */,
				9A849C31715731C954B69221 /* NotificationDelegate.swift in Sources */,
				5A887EDDABD1247B8654AD12 /* OnboardingView.swift in Sources */,
				60B52B8B1C09C2849B5AC5B7 /* PrimaryAddButton.swift in Sources */,
				E5EC0238B255D9EFEE77141C /* ServiceNameField.swift in Sources */,
				E35F2797AA354B66ABB161EA /* SettingsView.swift in Sources */,
				85EA3C807D67DD2AA83EDF89 /* ShareHandoffStore.swift in Sources */,
				A5CA4FCE0E6EB97AF5B077E3 /* SharedCaptureImporter.swift in Sources */,
				B1165C9D5260D1E3984FC8BE /* Sheets.swift in Sources */,
				7535F1AE5A2644E5B49D1230 /* StoreKitImport.swift in Sources */,
				ED04A9479DF337DFA94848EE /* SubscriptionsView.swift in Sources */,
				83DF47C9AD797CD7021A62B4 /* TrialAlertCoordinator.swift in Sources */,
				045EDA41FB51D2844DC08D1A /* TrialsView.swift in Sources */,
			);
			runOnlyForDeploymentPostprocessing = 0;
		};
/* End PBXSourcesBuildPhase section */

/* Begin PBXTargetDependency section */
		EDEEA36B63461AB2978AC081 /* PBXTargetDependency */ = {
			isa = PBXTargetDependency;
			target = 0EBFECEBD531611A8320F7C1 /* FinnShareExtension */;
			targetProxy = 37FC00847F5DB1C1F823DF83 /* PBXContainerItemProxy */;
		};
/* End PBXTargetDependency section */

/* Begin XCBuildConfiguration section */
		1F60FEF4B5810FFB65CF7C66 /* Release */ = {
			isa = XCBuildConfiguration;
			buildSettings = {
				ALWAYS_SEARCH_USER_PATHS = NO;
				CLANG_ANALYZER_NONNULL = YES;
				CLANG_ANALYZER_NUMBER_OBJECT_CONVERSION = YES_AGGRESSIVE;
				CLANG_CXX_LANGUAGE_STANDARD = "gnu++14";
				CLANG_CXX_LIBRARY = "libc++";
				CLANG_ENABLE_MODULES = YES;
				CLANG_ENABLE_OBJC_ARC = YES;
				CLANG_ENABLE_OBJC_WEAK = YES;
				CLANG_WARN_BLOCK_CAPTURE_AUTORELEASING = YES;
				CLANG_WARN_BOOL_CONVERSION = YES;
				CLANG_WARN_COMMA = YES;
				CLANG_WARN_CONSTANT_CONVERSION = YES;
				CLANG_WARN_DEPRECATED_OBJC_IMPLEMENTATIONS = YES;
				CLANG_WARN_DIRECT_OBJC_ISA_USAGE = YES_ERROR;
				CLANG_WARN_DOCUMENTATION_COMMENTS = YES;
				CLANG_WARN_EMPTY_BODY = YES;
				CLANG_WARN_ENUM_CONVERSION = YES;
				CLANG_WARN_INFINITE_RECURSION = YES;
				CLANG_WARN_INT_CONVERSION = YES;
				CLANG_WARN_NON_LITERAL_NULL_CONVERSION = YES;
				CLANG_WARN_OBJC_IMPLICIT_RETAIN_SELF = YES;
				CLANG_WARN_OBJC_LITERAL_CONVERSION = YES;
				CLANG_WARN_OBJC_ROOT_CLASS = YES_ERROR;
				CLANG_WARN_QUOTED_INCLUDE_IN_FRAMEWORK_HEADER = YES;
				CLANG_WARN_RANGE_LOOP_ANALYSIS = YES;
				CLANG_WARN_STRICT_PROTOTYPES = YES;
				CLANG_WARN_SUSPICIOUS_MOVE = YES;
				CLANG_WARN_UNGUARDED_AVAILABILITY = YES_AGGRESSIVE;
				CLANG_WARN_UNREACHABLE_CODE = YES;
				CLANG_WARN__DUPLICATE_METHOD_MATCH = YES;
				COPY_PHASE_STRIP = NO;
				CURRENT_PROJECT_VERSION = 1;
				DEBUG_INFORMATION_FORMAT = "dwarf-with-dsym";
				ENABLE_NS_ASSERTIONS = NO;
				ENABLE_STRICT_OBJC_MSGSEND = YES;
				GCC_C_LANGUAGE_STANDARD = gnu11;
				GCC_NO_COMMON_BLOCKS = YES;
				GCC_WARN_64_TO_32_BIT_CONVERSION = YES;
				GCC_WARN_ABOUT_RETURN_TYPE = YES_ERROR;
				GCC_WARN_UNDECLARED_SELECTOR = YES;
				GCC_WARN_UNINITIALIZED_AUTOS = YES_AGGRESSIVE;
				GCC_WARN_UNUSED_FUNCTION = YES;
				GCC_WARN_UNUSED_VARIABLE = YES;
				GENERATE_INFOPLIST_FILE = NO;
				INFOPLIST_KEY_CFBundleDisplayName = Finn;
				INFOPLIST_KEY_UIApplicationSceneManifest_Generation = YES;
				INFOPLIST_KEY_UILaunchScreen_Generation = YES;
				INFOPLIST_KEY_UISupportedInterfaceOrientations = UIInterfaceOrientationPortrait;
				IPHONEOS_DEPLOYMENT_TARGET = 18.0;
				MARKETING_VERSION = 1.0;
				MTL_ENABLE_DEBUG_INFO = NO;
				MTL_FAST_MATH = YES;
				PRODUCT_BUNDLE_IDENTIFIER = com.colehollander.subly;
				PRODUCT_NAME = "$(TARGET_NAME)";
				SDKROOT = iphoneos;
				SWIFT_COMPILATION_MODE = wholemodule;
				SWIFT_OPTIMIZATION_LEVEL = "-O";
				SWIFT_VERSION = 5.0;
				TARGETED_DEVICE_FAMILY = "1,2";
			};
			name = Release;
		};
		22322F71419DF4F3583A341C /* Debug */ = {
			isa = XCBuildConfiguration;
			buildSettings = {
				ASSETCATALOG_COMPILER_APPICON_NAME = AppIcon;
				CODE_SIGN_ENTITLEMENTS = Finn/Finn.entitlements;
				CODE_SIGN_IDENTITY = "iPhone Developer";
				INFOPLIST_FILE = Finn/Info.plist;
				IPHONEOS_DEPLOYMENT_TARGET = 18.0;
				LD_RUNPATH_SEARCH_PATHS = (
					"$(inherited)",
					"@executable_path/Frameworks",
				);
				SDKROOT = iphoneos;
				TARGETED_DEVICE_FAMILY = "1,2";
			};
			name = Debug;
		};
		52D1A01E4FB05761FED86430 /* Debug */ = {
			isa = XCBuildConfiguration;
			buildSettings = {
				ALWAYS_SEARCH_USER_PATHS = NO;
				CLANG_ANALYZER_NONNULL = YES;
				CLANG_ANALYZER_NUMBER_OBJECT_CONVERSION = YES_AGGRESSIVE;
				CLANG_CXX_LANGUAGE_STANDARD = "gnu++14";
				CLANG_CXX_LIBRARY = "libc++";
				CLANG_ENABLE_MODULES = YES;
				CLANG_ENABLE_OBJC_ARC = YES;
				CLANG_ENABLE_OBJC_WEAK = YES;
				CLANG_WARN_BLOCK_CAPTURE_AUTORELEASING = YES;
				CLANG_WARN_BOOL_CONVERSION = YES;
				CLANG_WARN_COMMA = YES;
				CLANG_WARN_CONSTANT_CONVERSION = YES;
				CLANG_WARN_DEPRECATED_OBJC_IMPLEMENTATIONS = YES;
				CLANG_WARN_DIRECT_OBJC_ISA_USAGE = YES_ERROR;
				CLANG_WARN_DOCUMENTATION_COMMENTS = YES;
				CLANG_WARN_EMPTY_BODY = YES;
				CLANG_WARN_ENUM_CONVERSION = YES;
				CLANG_WARN_INFINITE_RECURSION = YES;
				CLANG_WARN_INT_CONVERSION = YES;
				CLANG_WARN_NON_LITERAL_NULL_CONVERSION = YES;
				CLANG_WARN_OBJC_IMPLICIT_RETAIN_SELF = YES;
				CLANG_WARN_OBJC_LITERAL_CONVERSION = YES;
				CLANG_WARN_OBJC_ROOT_CLASS = YES_ERROR;
				CLANG_WARN_QUOTED_INCLUDE_IN_FRAMEWORK_HEADER = YES;
				CLANG_WARN_RANGE_LOOP_ANALYSIS = YES;
				CLANG_WARN_STRICT_PROTOTYPES = YES;
				CLANG_WARN_SUSPICIOUS_MOVE = YES;
				CLANG_WARN_UNGUARDED_AVAILABILITY = YES_AGGRESSIVE;
				CLANG_WARN_UNREACHABLE_CODE = YES;
				CLANG_WARN__DUPLICATE_METHOD_MATCH = YES;
				COPY_PHASE_STRIP = NO;
				CURRENT_PROJECT_VERSION = 1;
				DEBUG_INFORMATION_FORMAT = dwarf;
				ENABLE_STRICT_OBJC_MSGSEND = YES;
				ENABLE_TESTABILITY = YES;
				GCC_C_LANGUAGE_STANDARD = gnu11;
				GCC_DYNAMIC_NO_PIC = NO;
				GCC_NO_COMMON_BLOCKS = YES;
				GCC_OPTIMIZATION_LEVEL = 0;
				GCC_PREPROCESSOR_DEFINITIONS = (
					"$(inherited)",
					"DEBUG=1",
				);
				GCC_WARN_64_TO_32_BIT_CONVERSION = YES;
				GCC_WARN_ABOUT_RETURN_TYPE = YES_ERROR;
				GCC_WARN_UNDECLARED_SELECTOR = YES;
				GCC_WARN_UNINITIALIZED_AUTOS = YES_AGGRESSIVE;
				GCC_WARN_UNUSED_FUNCTION = YES;
				GCC_WARN_UNUSED_VARIABLE = YES;
				GENERATE_INFOPLIST_FILE = NO;
				INFOPLIST_KEY_CFBundleDisplayName = Finn;
				INFOPLIST_KEY_UIApplicationSceneManifest_Generation = YES;
				INFOPLIST_KEY_UILaunchScreen_Generation = YES;
				INFOPLIST_KEY_UISupportedInterfaceOrientations = UIInterfaceOrientationPortrait;
				IPHONEOS_DEPLOYMENT_TARGET = 18.0;
				MARKETING_VERSION = 1.0;
				MTL_ENABLE_DEBUG_INFO = INCLUDE_SOURCE;
				MTL_FAST_MATH = YES;
				ONLY_ACTIVE_ARCH = YES;
				PRODUCT_BUNDLE_IDENTIFIER = com.colehollander.subly;
				PRODUCT_NAME = "$(TARGET_NAME)";
				SDKROOT = iphoneos;
				SWIFT_ACTIVE_COMPILATION_CONDITIONS = DEBUG;
				SWIFT_OPTIMIZATION_LEVEL = "-Onone";
				SWIFT_VERSION = 5.0;
				TARGETED_DEVICE_FAMILY = "1,2";
			};
			name = Debug;
		};
		6B57A71B2EFAF4F5C0E0E8A9 /* Release */ = {
			isa = XCBuildConfiguration;
			buildSettings = {
				ASSETCATALOG_COMPILER_APPICON_NAME = AppIcon;
				CODE_SIGN_ENTITLEMENTS = Finn/Finn.entitlements;
				CODE_SIGN_IDENTITY = "iPhone Developer";
				INFOPLIST_FILE = Finn/Info.plist;
				IPHONEOS_DEPLOYMENT_TARGET = 18.0;
				LD_RUNPATH_SEARCH_PATHS = (
					"$(inherited)",
					"@executable_path/Frameworks",
				);
				SDKROOT = iphoneos;
				TARGETED_DEVICE_FAMILY = "1,2";
			};
			name = Release;
		};
		B73B980F97EE48EF864A4776 /* Release */ = {
			isa = XCBuildConfiguration;
			buildSettings = {
				CODE_SIGN_ENTITLEMENTS = ShareExtension/FinnShareExtension.entitlements;
				INFOPLIST_FILE = ShareExtension/Info.plist;
				IPHONEOS_DEPLOYMENT_TARGET = 18.0;
				LD_RUNPATH_SEARCH_PATHS = (
					"$(inherited)",
					"@executable_path/Frameworks",
					"@executable_path/../../Frameworks",
				);
				PRODUCT_BUNDLE_IDENTIFIER = com.colehollander.subly.ShareExtension;
				SDKROOT = iphoneos;
				SWIFT_VERSION = 5.0;
				TARGETED_DEVICE_FAMILY = "1,2";
			};
			name = Release;
		};
		ECC73225BFEF755A369B20FA /* Debug */ = {
			isa = XCBuildConfiguration;
			buildSettings = {
				CODE_SIGN_ENTITLEMENTS = ShareExtension/FinnShareExtension.entitlements;
				INFOPLIST_FILE = ShareExtension/Info.plist;
				IPHONEOS_DEPLOYMENT_TARGET = 18.0;
				LD_RUNPATH_SEARCH_PATHS = (
					"$(inherited)",
					"@executable_path/Frameworks",
					"@executable_path/../../Frameworks",
				);
				PRODUCT_BUNDLE_IDENTIFIER = com.colehollander.subly.ShareExtension;
				SDKROOT = iphoneos;
				SWIFT_VERSION = 5.0;
				TARGETED_DEVICE_FAMILY = "1,2";
			};
			name = Debug;
		};
/* End XCBuildConfiguration section */

/* Begin XCConfigurationList section */
		0C4ECE149ABE7DA60782E32A /* Build configuration list for PBXNativeTarget "FinnShareExtension" */ = {
			isa = XCConfigurationList;
			buildConfigurations = (
				ECC73225BFEF755A369B20FA /* Debug */,
				B73B980F97EE48EF864A4776 /* Release */,
			);
			defaultConfigurationIsVisible = 0;
			defaultConfigurationName = Debug;
		};
		1D43EA570A8D48BC54C3FE63 /* Build configuration list for PBXProject "Subly" */ = {
			isa = XCConfigurationList;
			buildConfigurations = (
				52D1A01E4FB05761FED86430 /* Debug */,
				1F60FEF4B5810FFB65CF7C66 /* Release */,
			);
			defaultConfigurationIsVisible = 0;
			defaultConfigurationName = Debug;
		};
		1F8EA3BDC37EBFD5B2C3D069 /* Build configuration list for PBXNativeTarget "Subly" */ = {
			isa = XCConfigurationList;
			buildConfigurations = (
				22322F71419DF4F3583A341C /* Debug */,
				6B57A71B2EFAF4F5C0E0E8A9 /* Release */,
			);
			defaultConfigurationIsVisible = 0;
			defaultConfigurationName = Debug;
		};
/* End XCConfigurationList section */

/* Begin XCLocalSwiftPackageReference section */
		09CEC8CF485092179CE20A2D /* XCLocalSwiftPackageReference "Packages/SubscriptionStore" */ = {
			isa = XCLocalSwiftPackageReference;
			relativePath = Packages/SubscriptionStore;
		};
		0A8709237BBB901FD078126B /* XCLocalSwiftPackageReference "Packages/MascotKit" */ = {
			isa = XCLocalSwiftPackageReference;
			relativePath = Packages/MascotKit;
		};
		39FDB8423CAC4BEDB8A104D9 /* XCLocalSwiftPackageReference "Packages/LogoService" */ = {
			isa = XCLocalSwiftPackageReference;
			relativePath = Packages/LogoService;
		};
		CE34AD274B2B693A0C1D26EF /* XCLocalSwiftPackageReference "Packages/TrialParsingCore" */ = {
			isa = XCLocalSwiftPackageReference;
			relativePath = Packages/TrialParsingCore;
		};
		EC891433965CDE866B412AB6 /* XCLocalSwiftPackageReference "Packages/TrialEngine" */ = {
			isa = XCLocalSwiftPackageReference;
			relativePath = Packages/TrialEngine;
		};
		F5B2D4C6D5933490F4AB150B /* XCLocalSwiftPackageReference "Packages/OCRCore" */ = {
			isa = XCLocalSwiftPackageReference;
			relativePath = Packages/OCRCore;
		};
		FF8D1D533A8BB1B52EAFD9A6 /* XCLocalSwiftPackageReference "Packages/NotificationEngine" */ = {
			isa = XCLocalSwiftPackageReference;
			relativePath = Packages/NotificationEngine;
		};
/* End XCLocalSwiftPackageReference section */

/* Begin XCRemoteSwiftPackageReference section */
		2376623AEB404BFB277812C9 /* XCRemoteSwiftPackageReference "swift" */ = {
			isa = XCRemoteSwiftPackageReference;
			repositoryURL = "https://github.com/phosphor-icons/swift";
			requirement = {
				branch = main;
				kind = branch;
			};
		};
/* End XCRemoteSwiftPackageReference section */

/* Begin XCSwiftPackageProductDependency section */
		02113626A5476AD311064925 /* PhosphorSwift */ = {
			isa = XCSwiftPackageProductDependency;
			package = 2376623AEB404BFB277812C9 /* XCRemoteSwiftPackageReference "swift" */;
			productName = PhosphorSwift;
		};
		329F2AA144A016AD33BEF1C2 /* TrialParsingCore */ = {
			isa = XCSwiftPackageProductDependency;
			productName = TrialParsingCore;
		};
		4125BA4396A89B774859EEE5 /* LogoService */ = {
			isa = XCSwiftPackageProductDependency;
			productName = LogoService;
		};
		5D17128858EC52E545731C50 /* OCRCore */ = {
			isa = XCSwiftPackageProductDependency;
			productName = OCRCore;
		};
		8997EAEBC73EFB0F1D6454DC /* TrialEngine */ = {
			isa = XCSwiftPackageProductDependency;
			productName = TrialEngine;
		};
		A594DDBD3975A255169465BE /* OCRCore */ = {
			isa = XCSwiftPackageProductDependency;
			productName = OCRCore;
		};
		C18AE5CA341AB81122E72C00 /* MascotKit */ = {
			isa = XCSwiftPackageProductDependency;
			productName = MascotKit;
		};
		DA29BAB2E1AC05244FAD60EA /* SubscriptionStore */ = {
			isa = XCSwiftPackageProductDependency;
			productName = SubscriptionStore;
		};
		F682B7F3898CBF29726418B8 /* NotificationEngine */ = {
			isa = XCSwiftPackageProductDependency;
			productName = NotificationEngine;
		};
/* End XCSwiftPackageProductDependency section */
	};
	rootObject = C31C23BD58A7ED4DF259FD25 /* Project object */;
}
