// !$*UTF8*$!
{
	archiveVersion = 1;
	classes = {
	};
	objectVersion = 77;
	objects = {

/* Begin PBXBuildFile section */
		0E0DE27729B561D0AF7A63A3 /* NotificationDelegate.swift in Sources */ = {isa = PBXBuildFile; fileRef = A9A4714DBE61364B60F2DE15 /* NotificationDelegate.swift */; };
		29D4F42065EFD2EAFE254363 /* SubscriptionStore in Frameworks */ = {isa = PBXBuildFile; productRef = DA29BAB2E1AC05244FAD60EA /* SubscriptionStore */; };
		2ED1609154F68EA10FDA5BE3 /* SublyApp.swift in Sources */ = {isa = PBXBuildFile; fileRef = 2124542706504627C05A31D7 /* SublyApp.swift */; };
		2FC7F3D5A44F85391FAEF3AD /* FoxState.swift in Sources */ = {isa = PBXBuildFile; fileRef = 0EF2F50FEA5B701BBAFDAED4 /* FoxState.swift */; };
		3163EF6143C59693892258A6 /* GlassComponents.swift in Sources */ = {isa = PBXBuildFile; fileRef = 90BFB77DC074BCDBE021E77E /* GlassComponents.swift */; };
		3CD46FCA595747AAE0204CB9 /* TrialsView.swift in Sources */ = {isa = PBXBuildFile; fileRef = 9ADCE2DF47AF10E42DF6624A /* TrialsView.swift */; };
		43DE6B35BA129E193E8612EF /* Haptics.swift in Sources */ = {isa = PBXBuildFile; fileRef = 014D90B895BE78821E85C8D0 /* Haptics.swift */; };
		4847E56243A919BA33F95368 /* LogoService in Frameworks */ = {isa = PBXBuildFile; productRef = 4125BA4396A89B774859EEE5 /* LogoService */; };
		4B4EA6964D873C8F56D99E4F /* NotificationEngine in Frameworks */ = {isa = PBXBuildFile; productRef = F682B7F3898CBF29726418B8 /* NotificationEngine */; };
		564CB94AD248FE9096A06153 /* Assets.xcassets in Resources */ = {isa = PBXBuildFile; fileRef = 83008B962C3682D08736BF7F /* Assets.xcassets */; };
		76A3E9669897B476B881DC53 /* TrialParsingCore in Frameworks */ = {isa = PBXBuildFile; productRef = 329F2AA144A016AD33BEF1C2 /* TrialParsingCore */; };
		80B03DC36A5E91F8DE785D13 /* SettingsView.swift in Sources */ = {isa = PBXBuildFile; fileRef = 4F53E060DE358F2E3A716C1F /* SettingsView.swift */; };
		8F35444856D26D181CE58C38 /* TrialAlertCoordinator.swift in Sources */ = {isa = PBXBuildFile; fileRef = ACFBAA30A421A07EFDB74774 /* TrialAlertCoordinator.swift */; };
		8F9A6E55A611D718BF89EF30 /* AmountField.swift in Sources */ = {isa = PBXBuildFile; fileRef = 8E28F7FBA1F29D7CB6E29A1D /* AmountField.swift */; };
		A7E383506C26B342317C4644 /* AddSubscriptionSheet.swift in Sources */ = {isa = PBXBuildFile; fileRef = F7763D2F20F8A74F06811BE0 /* AddSubscriptionSheet.swift */; };
		B42398F2AB7820ACC23C4ADF /* HomeView.swift in Sources */ = {isa = PBXBuildFile; fileRef = 4AC817B909A0E79AA12666CC /* HomeView.swift */; };
		BAA612EB5F52805874BC7B36 /* TrialEngine in Frameworks */ = {isa = PBXBuildFile; productRef = 8997EAEBC73EFB0F1D6454DC /* TrialEngine */; };
		BE333D2FDD049DAE053EE1A3 /* PrimaryAddButton.swift in Sources */ = {isa = PBXBuildFile; fileRef = 6C77C1E43FB47E9DFEC23B36 /* PrimaryAddButton.swift */; };
		CC4E3FD0124403E98E3D39A5 /* PhosphorSwift in Frameworks */ = {isa = PBXBuildFile; productRef = 02113626A5476AD311064925 /* PhosphorSwift */; };
		CC5F566A6E3844C2E97CE72E /* DatePickerField.swift in Sources */ = {isa = PBXBuildFile; fileRef = 36DC3064989A01167627CCCF /* DatePickerField.swift */; };
		D15AD54C200BDDAF81BEFC50 /* Sheets.swift in Sources */ = {isa = PBXBuildFile; fileRef = 99DBDD8BAD25A9BF42BF6686 /* Sheets.swift */; };
		DE28703C896ECD51C83FE08B /* ContentView.swift in Sources */ = {isa = PBXBuildFile; fileRef = 46C27551FBD7D8F0A3E32A75 /* ContentView.swift */; };
		E24A57104511E6C37547388F /* ServiceNameField.swift in Sources */ = {isa = PBXBuildFile; fileRef = 72669D27DD5FF4259740BAAF /* ServiceNameField.swift */; };
		E32C33AD5B04CE87AE53CD8F /* FieldRow.swift in Sources */ = {isa = PBXBuildFile; fileRef = 1A6204A3276C8AF12CA8274C /* FieldRow.swift */; };
		E40C9EF102C9BE67ECE33D7F /* OnboardingView.swift in Sources */ = {isa = PBXBuildFile; fileRef = FFFEF70BAE12EE2AE4FF65A1 /* OnboardingView.swift */; };
		EDF7FAF8D1FCEE1D0FEEFE1E /* FoxView.swift in Sources */ = {isa = PBXBuildFile; fileRef = C33219BCDF7580951DCCF281 /* FoxView.swift */; };
/* End PBXBuildFile section */

/* Begin PBXFileReference section */
		014D90B895BE78821E85C8D0 /* Haptics.swift */ = {isa = PBXFileReference; lastKnownFileType = sourcecode.swift; path = Haptics.swift; sourceTree = "<group>"; };
		0EF2F50FEA5B701BBAFDAED4 /* FoxState.swift */ = {isa = PBXFileReference; lastKnownFileType = sourcecode.swift; path = FoxState.swift; sourceTree = "<group>"; };
		1A6204A3276C8AF12CA8274C /* FieldRow.swift */ = {isa = PBXFileReference; lastKnownFileType = sourcecode.swift; path = FieldRow.swift; sourceTree = "<group>"; };
		2124542706504627C05A31D7 /* SublyApp.swift */ = {isa = PBXFileReference; lastKnownFileType = sourcecode.swift; path = SublyApp.swift; sourceTree = "<group>"; };
		36DC3064989A01167627CCCF /* DatePickerField.swift */ = {isa = PBXFileReference; lastKnownFileType = sourcecode.swift; path = DatePickerField.swift; sourceTree = "<group>"; };
		46C27551FBD7D8F0A3E32A75 /* ContentView.swift */ = {isa = PBXFileReference; lastKnownFileType = sourcecode.swift; path = ContentView.swift; sourceTree = "<group>"; };
		4AC817B909A0E79AA12666CC /* HomeView.swift */ = {isa = PBXFileReference; lastKnownFileType = sourcecode.swift; path = HomeView.swift; sourceTree = "<group>"; };
		4F53E060DE358F2E3A716C1F /* SettingsView.swift */ = {isa = PBXFileReference; lastKnownFileType = sourcecode.swift; path = SettingsView.swift; sourceTree = "<group>"; };
		6C77C1E43FB47E9DFEC23B36 /* PrimaryAddButton.swift */ = {isa = PBXFileReference; lastKnownFileType = sourcecode.swift; path = PrimaryAddButton.swift; sourceTree = "<group>"; };
		72669D27DD5FF4259740BAAF /* ServiceNameField.swift */ = {isa = PBXFileReference; lastKnownFileType = sourcecode.swift; path = ServiceNameField.swift; sourceTree = "<group>"; };
		7D86B6F6DE128CC1639F74AB /* Info.plist */ = {isa = PBXFileReference; lastKnownFileType = text.plist; path = Info.plist; sourceTree = "<group>"; };
		83008B962C3682D08736BF7F /* Assets.xcassets */ = {isa = PBXFileReference; lastKnownFileType = folder.assetcatalog; path = Assets.xcassets; sourceTree = "<group>"; };
		845A1AFB35613B0BBCA5AA27 /* LogoService */ = {isa = PBXFileReference; lastKnownFileType = folder; name = LogoService; path = Packages/LogoService; sourceTree = SOURCE_ROOT; };
		88724751DD683D8021D2B1A5 /* SubscriptionStore */ = {isa = PBXFileReference; lastKnownFileType = folder; name = SubscriptionStore; path = Packages/SubscriptionStore; sourceTree = SOURCE_ROOT; };
		8E28F7FBA1F29D7CB6E29A1D /* AmountField.swift */ = {isa = PBXFileReference; lastKnownFileType = sourcecode.swift; path = AmountField.swift; sourceTree = "<group>"; };
		90BFB77DC074BCDBE021E77E /* GlassComponents.swift */ = {isa = PBXFileReference; lastKnownFileType = sourcecode.swift; path = GlassComponents.swift; sourceTree = "<group>"; };
		99DBDD8BAD25A9BF42BF6686 /* Sheets.swift */ = {isa = PBXFileReference; lastKnownFileType = sourcecode.swift; path = Sheets.swift; sourceTree = "<group>"; };
		9ADCE2DF47AF10E42DF6624A /* TrialsView.swift */ = {isa = PBXFileReference; lastKnownFileType = sourcecode.swift; path = TrialsView.swift; sourceTree = "<group>"; };
		A9A4714DBE61364B60F2DE15 /* NotificationDelegate.swift */ = {isa = PBXFileReference; lastKnownFileType = sourcecode.swift; path = NotificationDelegate.swift; sourceTree = "<group>"; };
		ACFBAA30A421A07EFDB74774 /* TrialAlertCoordinator.swift */ = {isa = PBXFileReference; lastKnownFileType = sourcecode.swift; path = TrialAlertCoordinator.swift; sourceTree = "<group>"; };
		B1042D755D5117EE14B9CA3D /* Subly.app */ = {isa = PBXFileReference; includeInIndex = 0; lastKnownFileType = wrapper.application; path = Subly.app; sourceTree = BUILT_PRODUCTS_DIR; };
		C33219BCDF7580951DCCF281 /* FoxView.swift */ = {isa = PBXFileReference; lastKnownFileType = sourcecode.swift; path = FoxView.swift; sourceTree = "<group>"; };
		D5E254EFE7F2F548B2C95E00 /* TrialParsingCore */ = {isa = PBXFileReference; lastKnownFileType = folder; name = TrialParsingCore; path = Packages/TrialParsingCore; sourceTree = SOURCE_ROOT; };
		F4190BCC05AEE42E895FA79F /* TrialEngine */ = {isa = PBXFileReference; lastKnownFileType = folder; name = TrialEngine; path = Packages/TrialEngine; sourceTree = SOURCE_ROOT; };
		F7763D2F20F8A74F06811BE0 /* AddSubscriptionSheet.swift */ = {isa = PBXFileReference; lastKnownFileType = sourcecode.swift; path = AddSubscriptionSheet.swift; sourceTree = "<group>"; };
		FA91B5213420B1387EF10798 /* NotificationEngine */ = {isa = PBXFileReference; lastKnownFileType = folder; name = NotificationEngine; path = Packages/NotificationEngine; sourceTree = SOURCE_ROOT; };
		FFFEF70BAE12EE2AE4FF65A1 /* OnboardingView.swift */ = {isa = PBXFileReference; lastKnownFileType = sourcecode.swift; path = OnboardingView.swift; sourceTree = "<group>"; };
/* End PBXFileReference section */

/* Begin PBXFrameworksBuildPhase section */
		AEA0C8DF559BCF9F6E0E14D3 /* Frameworks */ = {
			isa = PBXFrameworksBuildPhase;
			buildActionMask = 2147483647;
			files = (
				76A3E9669897B476B881DC53 /* TrialParsingCore in Frameworks */,
				29D4F42065EFD2EAFE254363 /* SubscriptionStore in Frameworks */,
				BAA612EB5F52805874BC7B36 /* TrialEngine in Frameworks */,
				4B4EA6964D873C8F56D99E4F /* NotificationEngine in Frameworks */,
				4847E56243A919BA33F95368 /* LogoService in Frameworks */,
				CC4E3FD0124403E98E3D39A5 /* PhosphorSwift in Frameworks */,
			);
			runOnlyForDeploymentPostprocessing = 0;
		};
/* End PBXFrameworksBuildPhase section */

/* Begin PBXGroup section */
		1862D81D5E74A33980A70469 /* Fox */ = {
			isa = PBXGroup;
			children = (
				0EF2F50FEA5B701BBAFDAED4 /* FoxState.swift */,
				C33219BCDF7580951DCCF281 /* FoxView.swift */,
			);
			path = Fox;
			sourceTree = "<group>";
		};
		4C0B164B7A75DD4A9A40C1B6 /* Products */ = {
			isa = PBXGroup;
			children = (
				B1042D755D5117EE14B9CA3D /* Subly.app */,
			);
			name = Products;
			sourceTree = "<group>";
		};
		71DDBA753604C5FE256552FA /* Components */ = {
			isa = PBXGroup;
			children = (
				8E28F7FBA1F29D7CB6E29A1D /* AmountField.swift */,
				36DC3064989A01167627CCCF /* DatePickerField.swift */,
				1A6204A3276C8AF12CA8274C /* FieldRow.swift */,
				72669D27DD5FF4259740BAAF /* ServiceNameField.swift */,
			);
			path = Components;
			sourceTree = "<group>";
		};
		84129931BAAB99A2CC3285E8 = {
			isa = PBXGroup;
			children = (
				B5734A41E0D149EE60763C79 /* Packages */,
				E60BE3B5234F4EF499AF0CB7 /* Subly */,
				4C0B164B7A75DD4A9A40C1B6 /* Products */,
			);
			sourceTree = "<group>";
		};
		B5734A41E0D149EE60763C79 /* Packages */ = {
			isa = PBXGroup;
			children = (
				845A1AFB35613B0BBCA5AA27 /* LogoService */,
				FA91B5213420B1387EF10798 /* NotificationEngine */,
				88724751DD683D8021D2B1A5 /* SubscriptionStore */,
				F4190BCC05AEE42E895FA79F /* TrialEngine */,
				D5E254EFE7F2F548B2C95E00 /* TrialParsingCore */,
			);
			path = Packages;
			sourceTree = "<group>";
		};
		DF62C04EBAD5204AA3B7B98D /* AddEntry */ = {
			isa = PBXGroup;
			children = (
				F7763D2F20F8A74F06811BE0 /* AddSubscriptionSheet.swift */,
				71DDBA753604C5FE256552FA /* Components */,
			);
			path = AddEntry;
			sourceTree = "<group>";
		};
		E60BE3B5234F4EF499AF0CB7 /* Subly */ = {
			isa = PBXGroup;
			children = (
				83008B962C3682D08736BF7F /* Assets.xcassets */,
				46C27551FBD7D8F0A3E32A75 /* ContentView.swift */,
				90BFB77DC074BCDBE021E77E /* GlassComponents.swift */,
				014D90B895BE78821E85C8D0 /* Haptics.swift */,
				4AC817B909A0E79AA12666CC /* HomeView.swift */,
				7D86B6F6DE128CC1639F74AB /* Info.plist */,
				A9A4714DBE61364B60F2DE15 /* NotificationDelegate.swift */,
				FFFEF70BAE12EE2AE4FF65A1 /* OnboardingView.swift */,
				6C77C1E43FB47E9DFEC23B36 /* PrimaryAddButton.swift */,
				4F53E060DE358F2E3A716C1F /* SettingsView.swift */,
				99DBDD8BAD25A9BF42BF6686 /* Sheets.swift */,
				2124542706504627C05A31D7 /* SublyApp.swift */,
				ACFBAA30A421A07EFDB74774 /* TrialAlertCoordinator.swift */,
				9ADCE2DF47AF10E42DF6624A /* TrialsView.swift */,
				DF62C04EBAD5204AA3B7B98D /* AddEntry */,
				1862D81D5E74A33980A70469 /* Fox */,
			);
			path = Subly;
			sourceTree = "<group>";
		};
/* End PBXGroup section */

/* Begin PBXNativeTarget section */
		0E5F3A6E0CB4817D871DE8C2 /* Subly */ = {
			isa = PBXNativeTarget;
			buildConfigurationList = 1F8EA3BDC37EBFD5B2C3D069 /* Build configuration list for PBXNativeTarget "Subly" */;
			buildPhases = (
				F9D69CFB32D5B0CC49553AC0 /* Sources */,
				42167084FFF17860C12BF75D /* Resources */,
				AEA0C8DF559BCF9F6E0E14D3 /* Frameworks */,
			);
			buildRules = (
			);
			dependencies = (
			);
			name = Subly;
			packageProductDependencies = (
				329F2AA144A016AD33BEF1C2 /* TrialParsingCore */,
				DA29BAB2E1AC05244FAD60EA /* SubscriptionStore */,
				8997EAEBC73EFB0F1D6454DC /* TrialEngine */,
				F682B7F3898CBF29726418B8 /* NotificationEngine */,
				4125BA4396A89B774859EEE5 /* LogoService */,
				02113626A5476AD311064925 /* PhosphorSwift */,
			);
			productName = Subly;
			productReference = B1042D755D5117EE14B9CA3D /* Subly.app */;
			productType = "com.apple.product-type.application";
		};
/* End PBXNativeTarget section */

/* Begin PBXProject section */
		C31C23BD58A7ED4DF259FD25 /* Project object */ = {
			isa = PBXProject;
			attributes = {
				BuildIndependentTargetsInParallel = YES;
				LastUpgradeCheck = 1430;
				TargetAttributes = {
				};
			};
			buildConfigurationList = 1D43EA570A8D48BC54C3FE63 /* Build configuration list for PBXProject "Subly" */;
			developmentRegion = en;
			hasScannedForEncodings = 0;
			knownRegions = (
				Base,
				en,
			);
			mainGroup = 84129931BAAB99A2CC3285E8;
			minimizedProjectReferenceProxies = 1;
			packageReferences = (
				2376623AEB404BFB277812C9 /* XCRemoteSwiftPackageReference "swift" */,
				39FDB8423CAC4BEDB8A104D9 /* XCLocalSwiftPackageReference "Packages/LogoService" */,
				FF8D1D533A8BB1B52EAFD9A6 /* XCLocalSwiftPackageReference "Packages/NotificationEngine" */,
				09CEC8CF485092179CE20A2D /* XCLocalSwiftPackageReference "Packages/SubscriptionStore" */,
				EC891433965CDE866B412AB6 /* XCLocalSwiftPackageReference "Packages/TrialEngine" */,
				CE34AD274B2B693A0C1D26EF /* XCLocalSwiftPackageReference "Packages/TrialParsingCore" */,
			);
			preferredProjectObjectVersion = 77;
			productRefGroup = 4C0B164B7A75DD4A9A40C1B6 /* Products */;
			projectDirPath = "";
			projectRoot = "";
			targets = (
				0E5F3A6E0CB4817D871DE8C2 /* Subly */,
			);
		};
/* End PBXProject section */

/* Begin PBXResourcesBuildPhase section */
		42167084FFF17860C12BF75D /* Resources */ = {
			isa = PBXResourcesBuildPhase;
			buildActionMask = 2147483647;
			files = (
				564CB94AD248FE9096A06153 /* Assets.xcassets in Resources */,
			);
			runOnlyForDeploymentPostprocessing = 0;
		};
/* End PBXResourcesBuildPhase section */

/* Begin PBXSourcesBuildPhase section */
		F9D69CFB32D5B0CC49553AC0 /* Sources */ = {
			isa = PBXSourcesBuildPhase;
			buildActionMask = 2147483647;
			files = (
				A7E383506C26B342317C4644 /* AddSubscriptionSheet.swift in Sources */,
				8F9A6E55A611D718BF89EF30 /* AmountField.swift in Sources */,
				DE28703C896ECD51C83FE08B /* ContentView.swift in Sources */,
				CC5F566A6E3844C2E97CE72E /* DatePickerField.swift in Sources */,
				E32C33AD5B04CE87AE53CD8F /* FieldRow.swift in Sources */,
				2FC7F3D5A44F85391FAEF3AD /* FoxState.swift in Sources */,
				EDF7FAF8D1FCEE1D0FEEFE1E /* FoxView.swift in Sources */,
				3163EF6143C59693892258A6 /* GlassComponents.swift in Sources */,
				43DE6B35BA129E193E8612EF /* Haptics.swift in Sources */,
				B42398F2AB7820ACC23C4ADF /* HomeView.swift in Sources */,
				0E0DE27729B561D0AF7A63A3 /* NotificationDelegate.swift in Sources */,
				E40C9EF102C9BE67ECE33D7F /* OnboardingView.swift in Sources */,
				BE333D2FDD049DAE053EE1A3 /* PrimaryAddButton.swift in Sources */,
				E24A57104511E6C37547388F /* ServiceNameField.swift in Sources */,
				80B03DC36A5E91F8DE785D13 /* SettingsView.swift in Sources */,
				D15AD54C200BDDAF81BEFC50 /* Sheets.swift in Sources */,
				2ED1609154F68EA10FDA5BE3 /* SublyApp.swift in Sources */,
				8F35444856D26D181CE58C38 /* TrialAlertCoordinator.swift in Sources */,
				3CD46FCA595747AAE0204CB9 /* TrialsView.swift in Sources */,
			);
			runOnlyForDeploymentPostprocessing = 0;
		};
/* End PBXSourcesBuildPhase section */

/* Begin XCBuildConfiguration section */
		1F60FEF4B5810FFB65CF7C66 /* Release */ = {
			isa = XCBuildConfiguration;
			buildSettings = {
				ALWAYS_SEARCH_USER_PATHS = NO;
				CLANG_ANALYZER_NONNULL = YES;
				CLANG_ANALYZER_NUMBER_OBJECT_CONVERSION = YES_AGGRESSIVE;
				CLANG_CXX_LANGUAGE_STANDARD = "gnu++14";
				CLANG_CXX_LIBRARY = "libc++";
				CLANG_ENABLE_MODULES = YES;
				CLANG_ENABLE_OBJC_ARC = YES;
				CLANG_ENABLE_OBJC_WEAK = YES;
				CLANG_WARN_BLOCK_CAPTURE_AUTORELEASING = YES;
				CLANG_WARN_BOOL_CONVERSION = YES;
				CLANG_WARN_COMMA = YES;
				CLANG_WARN_CONSTANT_CONVERSION = YES;
				CLANG_WARN_DEPRECATED_OBJC_IMPLEMENTATIONS = YES;
				CLANG_WARN_DIRECT_OBJC_ISA_USAGE = YES_ERROR;
				CLANG_WARN_DOCUMENTATION_COMMENTS = YES;
				CLANG_WARN_EMPTY_BODY = YES;
				CLANG_WARN_ENUM_CONVERSION = YES;
				CLANG_WARN_INFINITE_RECURSION = YES;
				CLANG_WARN_INT_CONVERSION = YES;
				CLANG_WARN_NON_LITERAL_NULL_CONVERSION = YES;
				CLANG_WARN_OBJC_IMPLICIT_RETAIN_SELF = YES;
				CLANG_WARN_OBJC_LITERAL_CONVERSION = YES;
				CLANG_WARN_OBJC_ROOT_CLASS = YES_ERROR;
				CLANG_WARN_QUOTED_INCLUDE_IN_FRAMEWORK_HEADER = YES;
				CLANG_WARN_RANGE_LOOP_ANALYSIS = YES;
				CLANG_WARN_STRICT_PROTOTYPES = YES;
				CLANG_WARN_SUSPICIOUS_MOVE = YES;
				CLANG_WARN_UNGUARDED_AVAILABILITY = YES_AGGRESSIVE;
				CLANG_WARN_UNREACHABLE_CODE = YES;
				CLANG_WARN__DUPLICATE_METHOD_MATCH = YES;
				COPY_PHASE_STRIP = NO;
				DEBUG_INFORMATION_FORMAT = "dwarf-with-dsym";
				ENABLE_NS_ASSERTIONS = NO;
				ENABLE_STRICT_OBJC_MSGSEND = YES;
				GCC_C_LANGUAGE_STANDARD = gnu11;
				GCC_NO_COMMON_BLOCKS = YES;
				GCC_WARN_64_TO_32_BIT_CONVERSION = YES;
				GCC_WARN_ABOUT_RETURN_TYPE = YES_ERROR;
				GCC_WARN_UNDECLARED_SELECTOR = YES;
				GCC_WARN_UNINITIALIZED_AUTOS = YES_AGGRESSIVE;
				GCC_WARN_UNUSED_FUNCTION = YES;
				GCC_WARN_UNUSED_VARIABLE = YES;
				GENERATE_INFOPLIST_FILE = YES;
				INFOPLIST_KEY_UIApplicationSceneManifest_Generation = YES;
				INFOPLIST_KEY_UILaunchScreen_Generation = YES;
				INFOPLIST_KEY_UISupportedInterfaceOrientations = UIInterfaceOrientationPortrait;
				IPHONEOS_DEPLOYMENT_TARGET = 18.0;
				MTL_ENABLE_DEBUG_INFO = NO;
				MTL_FAST_MATH = YES;
				PRODUCT_BUNDLE_IDENTIFIER = com.colehollander.subly;
				PRODUCT_NAME = "$(TARGET_NAME)";
				SDKROOT = iphoneos;
				SWIFT_COMPILATION_MODE = wholemodule;
				SWIFT_OPTIMIZATION_LEVEL = "-O";
				SWIFT_VERSION = 5.0;
				TARGETED_DEVICE_FAMILY = "1,2";
			};
			name = Release;
		};
		22322F71419DF4F3583A341C /* Debug */ = {
			isa = XCBuildConfiguration;
			buildSettings = {
				ASSETCATALOG_COMPILER_APPICON_NAME = AppIcon;
				CODE_SIGN_IDENTITY = "iPhone Developer";
				INFOPLIST_FILE = Subly/Info.plist;
				IPHONEOS_DEPLOYMENT_TARGET = 18.0;
				LD_RUNPATH_SEARCH_PATHS = (
					"$(inherited)",
					"@executable_path/Frameworks",
				);
				SDKROOT = iphoneos;
				TARGETED_DEVICE_FAMILY = "1,2";
			};
			name = Debug;
		};
		52D1A01E4FB05761FED86430 /* Debug */ = {
			isa = XCBuildConfiguration;
			buildSettings = {
				ALWAYS_SEARCH_USER_PATHS = NO;
				CLANG_ANALYZER_NONNULL = YES;
				CLANG_ANALYZER_NUMBER_OBJECT_CONVERSION = YES_AGGRESSIVE;
				CLANG_CXX_LANGUAGE_STANDARD = "gnu++14";
				CLANG_CXX_LIBRARY = "libc++";
				CLANG_ENABLE_MODULES = YES;
				CLANG_ENABLE_OBJC_ARC = YES;
				CLANG_ENABLE_OBJC_WEAK = YES;
				CLANG_WARN_BLOCK_CAPTURE_AUTORELEASING = YES;
				CLANG_WARN_BOOL_CONVERSION = YES;
				CLANG_WARN_COMMA = YES;
				CLANG_WARN_CONSTANT_CONVERSION = YES;
				CLANG_WARN_DEPRECATED_OBJC_IMPLEMENTATIONS = YES;
				CLANG_WARN_DIRECT_OBJC_ISA_USAGE = YES_ERROR;
				CLANG_WARN_DOCUMENTATION_COMMENTS = YES;
				CLANG_WARN_EMPTY_BODY = YES;
				CLANG_WARN_ENUM_CONVERSION = YES;
				CLANG_WARN_INFINITE_RECURSION = YES;
				CLANG_WARN_INT_CONVERSION = YES;
				CLANG_WARN_NON_LITERAL_NULL_CONVERSION = YES;
				CLANG_WARN_OBJC_IMPLICIT_RETAIN_SELF = YES;
				CLANG_WARN_OBJC_LITERAL_CONVERSION = YES;
				CLANG_WARN_OBJC_ROOT_CLASS = YES_ERROR;
				CLANG_WARN_QUOTED_INCLUDE_IN_FRAMEWORK_HEADER = YES;
				CLANG_WARN_RANGE_LOOP_ANALYSIS = YES;
				CLANG_WARN_STRICT_PROTOTYPES = YES;
				CLANG_WARN_SUSPICIOUS_MOVE = YES;
				CLANG_WARN_UNGUARDED_AVAILABILITY = YES_AGGRESSIVE;
				CLANG_WARN_UNREACHABLE_CODE = YES;
				CLANG_WARN__DUPLICATE_METHOD_MATCH = YES;
				COPY_PHASE_STRIP = NO;
				DEBUG_INFORMATION_FORMAT = dwarf;
				ENABLE_STRICT_OBJC_MSGSEND = YES;
				ENABLE_TESTABILITY = YES;
				GCC_C_LANGUAGE_STANDARD = gnu11;
				GCC_DYNAMIC_NO_PIC = NO;
				GCC_NO_COMMON_BLOCKS = YES;
				GCC_OPTIMIZATION_LEVEL = 0;
				GCC_PREPROCESSOR_DEFINITIONS = (
					"$(inherited)",
					"DEBUG=1",
				);
				GCC_WARN_64_TO_32_BIT_CONVERSION = YES;
				GCC_WARN_ABOUT_RETURN_TYPE = YES_ERROR;
				GCC_WARN_UNDECLARED_SELECTOR = YES;
				GCC_WARN_UNINITIALIZED_AUTOS = YES_AGGRESSIVE;
				GCC_WARN_UNUSED_FUNCTION = YES;
				GCC_WARN_UNUSED_VARIABLE = YES;
				GENERATE_INFOPLIST_FILE = YES;
				INFOPLIST_KEY_UIApplicationSceneManifest_Generation = YES;
				INFOPLIST_KEY_UILaunchScreen_Generation = YES;
				INFOPLIST_KEY_UISupportedInterfaceOrientations = UIInterfaceOrientationPortrait;
				IPHONEOS_DEPLOYMENT_TARGET = 18.0;
				MTL_ENABLE_DEBUG_INFO = INCLUDE_SOURCE;
				MTL_FAST_MATH = YES;
				ONLY_ACTIVE_ARCH = YES;
				PRODUCT_BUNDLE_IDENTIFIER = com.colehollander.subly;
				PRODUCT_NAME = "$(TARGET_NAME)";
				SDKROOT = iphoneos;
				SWIFT_ACTIVE_COMPILATION_CONDITIONS = DEBUG;
				SWIFT_OPTIMIZATION_LEVEL = "-Onone";
				SWIFT_VERSION = 5.0;
				TARGETED_DEVICE_FAMILY = "1,2";
			};
			name = Debug;
		};
		6B57A71B2EFAF4F5C0E0E8A9 /* Release */ = {
			isa = XCBuildConfiguration;
			buildSettings = {
				ASSETCATALOG_COMPILER_APPICON_NAME = AppIcon;
				CODE_SIGN_IDENTITY = "iPhone Developer";
				INFOPLIST_FILE = Subly/Info.plist;
				IPHONEOS_DEPLOYMENT_TARGET = 18.0;
				LD_RUNPATH_SEARCH_PATHS = (
					"$(inherited)",
					"@executable_path/Frameworks",
				);
				SDKROOT = iphoneos;
				TARGETED_DEVICE_FAMILY = "1,2";
			};
			name = Release;
		};
/* End XCBuildConfiguration section */

/* Begin XCConfigurationList section */
		1D43EA570A8D48BC54C3FE63 /* Build configuration list for PBXProject "Subly" */ = {
			isa = XCConfigurationList;
			buildConfigurations = (
				52D1A01E4FB05761FED86430 /* Debug */,
				1F60FEF4B5810FFB65CF7C66 /* Release */,
			);
			defaultConfigurationIsVisible = 0;
			defaultConfigurationName = Debug;
		};
		1F8EA3BDC37EBFD5B2C3D069 /* Build configuration list for PBXNativeTarget "Subly" */ = {
			isa = XCConfigurationList;
			buildConfigurations = (
				22322F71419DF4F3583A341C /* Debug */,
				6B57A71B2EFAF4F5C0E0E8A9 /* Release */,
			);
			defaultConfigurationIsVisible = 0;
			defaultConfigurationName = Debug;
		};
/* End XCConfigurationList section */

/* Begin XCLocalSwiftPackageReference section */
		09CEC8CF485092179CE20A2D /* XCLocalSwiftPackageReference "Packages/SubscriptionStore" */ = {
			isa = XCLocalSwiftPackageReference;
			relativePath = Packages/SubscriptionStore;
		};
		39FDB8423CAC4BEDB8A104D9 /* XCLocalSwiftPackageReference "Packages/LogoService" */ = {
			isa = XCLocalSwiftPackageReference;
			relativePath = Packages/LogoService;
		};
		CE34AD274B2B693A0C1D26EF /* XCLocalSwiftPackageReference "Packages/TrialParsingCore" */ = {
			isa = XCLocalSwiftPackageReference;
			relativePath = Packages/TrialParsingCore;
		};
		EC891433965CDE866B412AB6 /* XCLocalSwiftPackageReference "Packages/TrialEngine" */ = {
			isa = XCLocalSwiftPackageReference;
			relativePath = Packages/TrialEngine;
		};
		FF8D1D533A8BB1B52EAFD9A6 /* XCLocalSwiftPackageReference "Packages/NotificationEngine" */ = {
			isa = XCLocalSwiftPackageReference;
			relativePath = Packages/NotificationEngine;
		};
/* End XCLocalSwiftPackageReference section */

/* Begin XCRemoteSwiftPackageReference section */
		2376623AEB404BFB277812C9 /* XCRemoteSwiftPackageReference "swift" */ = {
			isa = XCRemoteSwiftPackageReference;
			repositoryURL = "https://github.com/phosphor-icons/swift";
			requirement = {
				branch = main;
				kind = branch;
			};
		};
/* End XCRemoteSwiftPackageReference section */

/* Begin XCSwiftPackageProductDependency section */
		02113626A5476AD311064925 /* PhosphorSwift */ = {
			isa = XCSwiftPackageProductDependency;
			package = 2376623AEB404BFB277812C9 /* XCRemoteSwiftPackageReference "swift" */;
			productName = PhosphorSwift;
		};
		329F2AA144A016AD33BEF1C2 /* TrialParsingCore */ = {
			isa = XCSwiftPackageProductDependency;
			productName = TrialParsingCore;
		};
		4125BA4396A89B774859EEE5 /* LogoService */ = {
			isa = XCSwiftPackageProductDependency;
			productName = LogoService;
		};
		8997EAEBC73EFB0F1D6454DC /* TrialEngine */ = {
			isa = XCSwiftPackageProductDependency;
			productName = TrialEngine;
		};
		DA29BAB2E1AC05244FAD60EA /* SubscriptionStore */ = {
			isa = XCSwiftPackageProductDependency;
			productName = SubscriptionStore;
		};
		F682B7F3898CBF29726418B8 /* NotificationEngine */ = {
			isa = XCSwiftPackageProductDependency;
			productName = NotificationEngine;
		};
/* End XCSwiftPackageProductDependency section */
	};
	rootObject = C31C23BD58A7ED4DF259FD25 /* Project object */;
}
